
Microsoft Visual Studio Solution File, Format Version 12.00
# Visual Studio 15
VisualStudioVersion = 15.0.28010.2019
MinimumVisualStudioVersion = 10.0.40219.1
Project("{9A19103F-16F7-4668-BE54-9A1E7A4F7556}") = "Infosys.MyCoderConsoleUI", "Infosys.MyCoderConsoleUI\Infosys.MyCoderConsoleUI.csproj", "{14C7F44F-E9D9-4916-B2D4-852BF137564E}"
EndProject
Project("{FAE04EC0-301F-11D3-BF4B-00C04F79EFBC}") = "Infosys.MyCoder.DataAccessLayer", "Infosys.MyCoder.DataAccessLayer\Infosys.MyCoder.DataAccessLayer.csproj", "{D79F5853-9833-465B-9DBC-6695122D6378}"
EndProject
Global
	GlobalSection(SolutionConfigurationPlatforms) = preSolution
		Debug|Any CPU = Debug|Any CPU
		Release|Any CPU = Release|Any CPU
	EndGlobalSection
	GlobalSection(ProjectConfigurationPlatforms) = postSolution
		{14C7F44F-E9D9-4916-B2D4-852BF137564E}.Debug|Any CPU.ActiveCfg = Debug|Any CPU
		{14C7F44F-E9D9-4916-B2D4-852BF137564E}.Debug|Any CPU.Build.0 = Debug|Any CPU
		{14C7F44F-E9D9-4916-B2D4-852BF137564E}.Release|Any CPU.ActiveCfg = Release|Any CPU
		{14C7F44F-E9D9-4916-B2D4-852BF137564E}.Release|Any CPU.Build.0 = Release|Any CPU
		{D79F5853-9833-465B-9DBC-6695122D6378}.Debug|Any CPU.ActiveCfg = Debug|Any CPU
		{D79F5853-9833-465B-9DBC-6695122D6378}.Debug|Any CPU.Build.0 = Debug|Any CPU
		{D79F5853-9833-465B-9DBC-6695122D6378}.Release|Any CPU.ActiveCfg = Release|Any CPU
		{D79F5853-9833-465B-9DBC-6695122D6378}.Release|Any CPU.Build.0 = Release|Any CPU
	EndGlobalSection
	GlobalSection(SolutionProperties) = preSolution
		HideSolutionNode = FALSE
	EndGlobalSection
	GlobalSection(ExtensibilityGlobals) = postSolution
		SolutionGuid = {E20869B3-8D9B-4222-BBB0-8826AE8466C7}
	EndGlobalSection
EndGlobal
